{
  "name": "cordova-plugin-sip",
  "version": "1.0.0",
  "lockfileVersion": 1,
  "requires": true,
  "dependencies": {
    "@ionic-native/core": {
      "version": "4.18.0",
      "resolved": "https://registry.npmjs.org/@ionic-native/core/-/core-4.18.0.tgz",
      "integrity": "sha512-J9Vz9YhKHRU+xw2C80PJrtfz/8njKl+muRynFfAM+auI4cp+WX89klzOCmkhZHv8UwVZyVEZaXrPoIEohEX7Aw=="
    }
  }
}
